<?xml version="1.0" encoding="utf-8"?>
<Project ToolsVersion="4.0" xmlns="http://schemas.microsoft.com/developer/msbuild/2003">
  <ItemGroup>
    <Filter Include="Source Files">
      <UniqueIdentifier>{4FC737F1-C7A5-4376-A066-2A32D752A2FF}</UniqueIdentifier>
      <Extensions>cpp;c;cc;cxx;def;odl;idl;hpj;bat;asm;asmx</Extensions>
    </Filter>
    <Filter Include="Header Files">
      <UniqueIdentifier>{93995380-89BD-4b04-88EB-625FBE52EBFB}</UniqueIdentifier>
      <Extensions>h;hpp;hxx;hm;inl;inc;xsd</Extensions>
    </Filter>
    <Filter Include="Resource Files">
      <UniqueIdentifier>{67DA6AB6-F800-4c08-8B7A-83BB121AAD01}</UniqueIdentifier>
      <Extensions>rc;ico;cur;bmp;dlg;rc2;rct;bin;rgs;gif;jpg;jpeg;jpe;resx;tiff;tif;png;wav;mfcribbon-ms</Extensions>
    </Filter>
    <Filter Include="Header Files\Taglib">
      <UniqueIdentifier>{533eadb1-c9ed-4d54-a845-ddfd650dbae5}</UniqueIdentifier>
    </Filter>
    <Filter Include="Header Files\BASS">
      <UniqueIdentifier>{99d9c87f-642e-417a-abc1-e9d00285df60}</UniqueIdentifier>
    </Filter>
  </ItemGroup>
  <ItemGroup>
    <ClCompile Include="main.cpp">
      <Filter>Source Files</Filter>
    </ClCompile>
    <ClCompile Include="audioLibrary.cpp">
      <Filter>Source Files</Filter>
    </ClCompile>
    <ClCompile Include="SongData.cpp">
      <Filter>Source Files</Filter>
    </ClCompile>
  </ItemGroup>
  <ItemGroup>
    <ClInclude Include="taglib\tpropertymap.h">
      <Filter>Header Files\Taglib</Filter>
    </ClInclude>
    <ClInclude Include="taglib\trefcounter.h">
      <Filter>Header Files\Taglib</Filter>
    </ClInclude>
    <ClInclude Include="taglib\tstring.h">
      <Filter>Header Files\Taglib</Filter>
    </ClInclude>
    <ClInclude Include="taglib\tstringlist.h">
      <Filter>Header Files\Taglib</Filter>
    </ClInclude>
    <ClInclude Include="taglib\tutils.h">
      <Filter>Header Files\Taglib</Filter>
    </ClInclude>
    <ClInclude Include="taglib\unicode.h">
      <Filter>Header Files\Taglib</Filter>
    </ClInclude>
    <ClInclude Include="taglib\wavpackfile.h">
      <Filter>Header Files\Taglib</Filter>
    </ClInclude>
    <ClInclude Include="taglib\wavpackproperties.h">
      <Filter>Header Files\Taglib</Filter>
    </ClInclude>
    <ClInclude Include="taglib\taglib.h">
      <Filter>Header Files\Taglib</Filter>
    </ClInclude>
    <ClInclude Include="taglib\tbytevector.h">
      <Filter>Header Files\Taglib</Filter>
    </ClInclude>
    <ClInclude Include="taglib\tbytevectorlist.h">
      <Filter>Header Files\Taglib</Filter>
    </ClInclude>
    <ClInclude Include="taglib\tbytevectorstream.h">
      <Filter>Header Files\Taglib</Filter>
    </ClInclude>
    <ClInclude Include="taglib\tdebug.h">
      <Filter>Header Files\Taglib</Filter>
    </ClInclude>
    <ClInclude Include="taglib\tdebuglistener.h">
      <Filter>Header Files\Taglib</Filter>
    </ClInclude>
    <ClInclude Include="taglib\tfile.h">
      <Filter>Header Files\Taglib</Filter>
    </ClInclude>
    <ClInclude Include="taglib\tfilestream.h">
      <Filter>Header Files\Taglib</Filter>
    </ClInclude>
    <ClInclude Include="taglib\tiostream.h">
      <Filter>Header Files\Taglib</Filter>
    </ClInclude>
    <ClInclude Include="taglib\tlist.h">
      <Filter>Header Files\Taglib</Filter>
    </ClInclude>
    <ClInclude Include="taglib\tmap.h">
      <Filter>Header Files\Taglib</Filter>
    </ClInclude>
    <ClInclude Include="ahm.h">
      <Filter>Header Files</Filter>
    </ClInclude>
    <ClInclude Include="SongData.h">
      <Filter>Header Files</Filter>
    </ClInclude>
    <ClInclude Include="audioManagement.h">
      <Filter>Header Files</Filter>
    </ClInclude>
    <ClInclude Include="taglib\tag.h">
      <Filter>Header Files\Taglib</Filter>
    </ClInclude>
    <ClInclude Include="taglib\fileref.h">
      <Filter>Header Files\Taglib</Filter>
    </ClInclude>
    <ClInclude Include="bass24\bass.h">
      <Filter>Header Files\BASS</Filter>
    </ClInclude>
  </ItemGroup>
  <ItemGroup>
    <Library Include="..\tag.lib" />
  </ItemGroup>
</Project>